
Microsoft Visual Studio Solution File, Format Version 12.00
# Visual Studio 2017
Project("{FAE04EC0-301F-11D3-BF4B-00C04F79EFBC}") = "Grudge-Trudgers-master", "Grudge-Trudgers-master.csproj", "{29C5E232-F932-B8E7-20F0-A4A9963F75C6}"
EndProject
Project("{FAE04EC0-301F-11D3-BF4B-00C04F79EFBC}") = "Grudge-Trudgers-master.Editor", "Grudge-Trudgers-master.Editor.csproj", "{83ADD8FA-F9C0-5E15-3374-577AE5A76C3D}"
EndProject
Global
	GlobalSection(SolutionConfigurationPlatforms) = preSolution
		Debug|Any CPU = Debug|Any CPU
		Release|Any CPU = Release|Any CPU
	EndGlobalSection
	GlobalSection(ProjectConfigurationPlatforms) = postSolution
		{29C5E232-F932-B8E7-20F0-A4A9963F75C6}.Debug|Any CPU.ActiveCfg = Debug|Any CPU
		{29C5E232-F932-B8E7-20F0-A4A9963F75C6}.Debug|Any CPU.Build.0 = Debug|Any CPU
		{29C5E232-F932-B8E7-20F0-A4A9963F75C6}.Release|Any CPU.ActiveCfg = Release|Any CPU
		{29C5E232-F932-B8E7-20F0-A4A9963F75C6}.Release|Any CPU.Build.0 = Release|Any CPU
		{83ADD8FA-F9C0-5E15-3374-577AE5A76C3D}.Debug|Any CPU.ActiveCfg = Debug|Any CPU
		{83ADD8FA-F9C0-5E15-3374-577AE5A76C3D}.Debug|Any CPU.Build.0 = Debug|Any CPU
		{83ADD8FA-F9C0-5E15-3374-577AE5A76C3D}.Release|Any CPU.ActiveCfg = Release|Any CPU
		{83ADD8FA-F9C0-5E15-3374-577AE5A76C3D}.Release|Any CPU.Build.0 = Release|Any CPU
	EndGlobalSection
	GlobalSection(SolutionProperties) = preSolution
		HideSolutionNode = FALSE
	EndGlobalSection
EndGlobal
